
Microsoft Visual Studio Solution File, Format Version 12.00
# Visual Studio Version 17
VisualStudioVersion = 17.2.32602.215
MinimumVisualStudioVersion = 10.0.40219.1
Project("{FAE04EC0-301F-11D3-BF4B-00C04F79EFBC}") = "comrapidas", "comrapidas\comrapidas.csproj", "{08A16C0E-A600-4616-B309-9BB462C8BED2}"
EndProject
Global
	GlobalSection(SolutionConfigurationPlatforms) = preSolution
		Debug|Any CPU = Debug|Any CPU
		Release|Any CPU = Release|Any CPU
	EndGlobalSection
	GlobalSection(ProjectConfigurationPlatforms) = postSolution
		{08A16C0E-A600-4616-B309-9BB462C8BED2}.Debug|Any CPU.ActiveCfg = Debug|Any CPU
		{08A16C0E-A600-4616-B309-9BB462C8BED2}.Debug|Any CPU.Build.0 = Debug|Any CPU
		{08A16C0E-A600-4616-B309-9BB462C8BED2}.Release|Any CPU.ActiveCfg = Release|Any CPU
		{08A16C0E-A600-4616-B309-9BB462C8BED2}.Release|Any CPU.Build.0 = Release|Any CPU
	EndGlobalSection
	GlobalSection(SolutionProperties) = preSolution
		HideSolutionNode = FALSE
	EndGlobalSection
	GlobalSection(ExtensibilityGlobals) = postSolution
		SolutionGuid = {36E7DE00-7378-439C-AC61-CA0D6DE3E261}
	EndGlobalSection
EndGlobal
